GIT
  remote: https://github.com/openaustralia/scraperwiki-ruby.git
  revision: fc50176812505e463077d5c673d504a6a234aa78
  branch: morph_defaults
  specs:
    scraperwiki (3.0.1)
      httpclient
      sqlite_magic

GEM
  remote: https://rubygems.org/
  specs:
    ast (2.4.3)
    bigdecimal (4.0.1)
    csv (3.3.5)
    httparty (0.24.2)
      csv
      mini_mime (>= 1.0.0)
      multi_xml (>= 0.5.2)
    httpclient (2.9.0)
      mutex_m
    json (2.18.0)
    language_server-protocol (3.17.0.5)
    lint_roller (1.1.0)
    mini_mime (1.1.5)
    multi_xml (0.8.1)
      bigdecimal (>= 3.1, < 5)
    mutex_m (0.3.0)
    parallel (1.27.0)
    parser (3.3.10.1)
      ast (~> 2.4.1)
      racc
    prism (1.9.0)
    racc (1.8.1)
    rainbow (3.1.1)
    regexp_parser (2.11.3)
    rubocop (1.84.0)
      json (~> 2.3)
      language_server-protocol (~> 3.17.0.2)
      lint_roller (~> 1.1.0)
      parallel (~> 1.10)
      parser (>= 3.3.0.2)
      rainbow (>= 2.2.2, < 4.0)
      regexp_parser (>= 2.9.3, < 3.0)
      rubocop-ast (>= 1.49.0, < 2.0)
      ruby-progressbar (~> 1.7)
      unicode-display_width (>= 2.4.0, < 4.0)
    rubocop-ast (1.49.0)
      parser (>= 3.3.7.2)
      prism (~> 1.7)
    ruby-progressbar (1.13.0)
    sqlite3 (1.6.9-x86_64-linux)
    sqlite_magic (0.0.6)
      sqlite3
    unicode-display_width (3.2.0)
      unicode-emoji (~> 4.1)
    unicode-emoji (4.2.0)

PLATFORMS
  x86_64-linux

DEPENDENCIES
  httparty
  rubocop
  scraperwiki!
  sqlite3 (~> 1.6.3)

RUBY VERSION
   ruby 3.2.2p53

BUNDLED WITH
   2.6.9
